# THIS IS AN AUTOGENERATED FILE. DO NOT EDIT THIS FILE DIRECTLY.
# yarn lockfile v1


"@peter-murray/hue-bridge-model@^2.0.1":
  version "2.1.1"
  resolved "https://registry.yarnpkg.com/@peter-murray/hue-bridge-model/-/hue-bridge-model-2.1.1.tgz#2b256b3a2d62d5556c223586f6d06af84f219cf6"
  integrity sha512-RdnTRY6YOP0TS1z7elRuvD2LsxV+/fwZsl967Ihwvk/SUjQ0247plc6YRM2bEeDBUi06HpcE+tGV4GQBMlVAeg==

bottleneck@^2.19.5:
  version "2.19.5"
  resolved "https://registry.yarnpkg.com/bottleneck/-/bottleneck-2.19.5.tgz#5df0b90f59fd47656ebe63c78a98419205cadd91"
  integrity sha512-VHiNCbI1lKdl44tGrhNfU3lup0Tj/ZBMJB5/2ZbNXRCPuRCO7ed2mgcK4r17y+KB2EfuYuRaVlwNbAeaWGSpbw==

color-convert@^2.0.1:
  version "2.0.1"
  resolved "https://registry.yarnpkg.com/color-convert/-/color-convert-2.0.1.tgz#72d3a68d598c9bdb3af2ad1e84f21d896abd4de3"
  integrity sha512-RRECPsj7iu/xb5oKYcsFHSppFNnsj/52OVTRKb4zP5onXwVF3zVmmToNcOfGC+CRDpfK/U584fMg38ZHCaElKQ==
  dependencies:
    color-name "~1.1.4"

color-name@~1.1.4:
  version "1.1.4"
  resolved "https://registry.yarnpkg.com/color-name/-/color-name-1.1.4.tgz#c2a09a87acbde69543de6f63fa3995c826c536a2"
  integrity sha512-dOy+3AuW3a2wNbZHIuMZpTcgjGuLU/uBL/ubcZF9OXbDo8ff4O8yVp5Bf0efS8uEoYo5q4Fx7dY9OgQGXgAsQA==

commander@^12.0.0:
  version "12.0.0"
  resolved "https://registry.yarnpkg.com/commander/-/commander-12.0.0.tgz#b929db6df8546080adfd004ab215ed48cf6f2592"
  integrity sha512-MwVNWlYjDTtOjX5PiD7o5pK0UrFU/OYgcJfjjK4RaHZETNtjJqrZa9Y9ds88+A+f+d5lv+561eZ+yCKoS3gbAA==

node-dns-sd@^1.0.1:
  version "1.0.1"
  resolved "https://registry.yarnpkg.com/node-dns-sd/-/node-dns-sd-1.0.1.tgz#e5aa37aa7f21fe9381f3d756ddc53a8bb25a79ca"
  integrity sha512-GCL6FgvkHoDnvJ1Yamf8mY16lYymWmYxjne4q1MC9C8sTZn9XR3BbwsrBQGikMESMFDFLC5MovNZn6wFl1yrdQ==

node-fetch@^2.6.1:
  version "2.7.0"
  resolved "https://registry.yarnpkg.com/node-fetch/-/node-fetch-2.7.0.tgz#d0f0fa6e3e2dc1d27efcd8ad99d550bda94d187d"
  integrity sha512-c4FRfUm/dbcWZ7U+1Wq0AwCyFL+3nt2bEw05wfxSz+DWpWsitgmSgYmy2dQdWyKC1694ELPqMs/YzUSNozLt8A==
  dependencies:
    whatwg-url "^5.0.0"

node-hue-api@^5.0.0-beta.16:
  version "5.0.0-beta.16"
  resolved "https://registry.yarnpkg.com/node-hue-api/-/node-hue-api-5.0.0-beta.16.tgz#209ca9795b089ddf6f105e10c19dbece3a9f1300"
  integrity sha512-JsCQlhOt9e556zzb50BzsMjQ2/Pj1J6srtQS+6mwAhjXsCMT8jm6wEmQCDb7sXVn+5LFtKpq4nmYix1fBWtm8A==
  dependencies:
    "@peter-murray/hue-bridge-model" "^2.0.1"
    bottleneck "^2.19.5"
    node-dns-sd "^1.0.1"
    node-fetch "^2.6.1"

tr46@~0.0.3:
  version "0.0.3"
  resolved "https://registry.yarnpkg.com/tr46/-/tr46-0.0.3.tgz#8184fd347dac9cdc185992f3a6622e14b9d9ab6a"
  integrity sha512-N3WMsuqV66lT30CrXNbEjx4GEwlow3v6rr4mCcv6prnfwhS01rkgyFdjPNBYd9br7LpXV1+Emh01fHnq2Gdgrw==

webidl-conversions@^3.0.0:
  version "3.0.1"
  resolved "https://registry.yarnpkg.com/webidl-conversions/-/webidl-conversions-3.0.1.tgz#24534275e2a7bc6be7bc86611cc16ae0a5654871"
  integrity sha512-2JAn3z8AR6rjK8Sm8orRC0h/bcl/DqL7tRPdGZ4I1CjdF+EaMLmYxBHyXuKL849eucPFhvBoxMsflfOb8kxaeQ==

whatwg-url@^5.0.0:
  version "5.0.0"
  resolved "https://registry.yarnpkg.com/whatwg-url/-/whatwg-url-5.0.0.tgz#966454e8765462e37644d3626f6742ce8b70965d"
  integrity sha512-saE57nupxk6v3HY35+jzBwYa0rKSy0XR8JSxZPwgLr7ys0IBzhGviA1/TUGJLmSVqs8pb9AnvICXEuOHLprYTw==
  dependencies:
    tr46 "~0.0.3"
    webidl-conversions "^3.0.0"
